{
  "originHash" : "fb758f87969a2d0056220a777f94023dfc1f3bf36e479f4991656241369776fd",
  "pins" : [
    {
      "identity" : "altsign",
      "kind" : "remoteSourceControl",
      "location" : "https://github.com/SideStore/AltSign",
      "state" : {
        "branch" : "develop",
        "revision" : "ebc345b92c43899fbd473c34710096cebd068998"
      }
    },
    {
      "identity" : "anisettekit",
      "kind" : "remoteSourceControl",
      "location" : "https://github.com/mahee96/AnisetteKit",
      "state" : {
        "branch" : "main",
        "revision" : "9a09fc167a673b395f8540d0381fc15e5941a640"
      }
    }
  ],
  "version" : 3
}
